
Microsoft Visual Studio Solution File, Format Version 12.00
# Visual Studio 15
VisualStudioVersion = 15.0.27004.2006
MinimumVisualStudioVersion = 10.0.40219.1
Project("{FAE04EC0-301F-11D3-BF4B-00C04F79EFBC}") = "WindowsMonitor", "WindowsMonitor.csproj", "{CD0FF8B8-E3AE-481A-8790-2D6D57FC3114}"
EndProject
Project("{FAE04EC0-301F-11D3-BF4B-00C04F79EFBC}") = "Generator", "..\Generator\Generator.csproj", "{E2AEF9F8-B17B-45C6-895D-9277CA1B901D}"
EndProject
Project("{FAE04EC0-301F-11D3-BF4B-00C04F79EFBC}") = "Example", "Example\Example.csproj", "{87CB55D9-F990-4297-878E-60A7BE899F57}"
EndProject
Project("{FAE04EC0-301F-11D3-BF4B-00C04F79EFBC}") = "UnitTestProject1", "UnitTestProject1\UnitTestProject1.csproj", "{75549EFF-4DE0-49B9-9671-6CFED54178CE}"
EndProject
Global
	GlobalSection(SolutionConfigurationPlatforms) = preSolution
		Debug|Any CPU = Debug|Any CPU
		Release|Any CPU = Release|Any CPU
	EndGlobalSection
	GlobalSection(ProjectConfigurationPlatforms) = postSolution
		{CD0FF8B8-E3AE-481A-8790-2D6D57FC3114}.Debug|Any CPU.ActiveCfg = Debug|Any CPU
		{CD0FF8B8-E3AE-481A-8790-2D6D57FC3114}.Debug|Any CPU.Build.0 = Debug|Any CPU
		{CD0FF8B8-E3AE-481A-8790-2D6D57FC3114}.Release|Any CPU.ActiveCfg = Release|Any CPU
		{CD0FF8B8-E3AE-481A-8790-2D6D57FC3114}.Release|Any CPU.Build.0 = Release|Any CPU
		{E2AEF9F8-B17B-45C6-895D-9277CA1B901D}.Debug|Any CPU.ActiveCfg = Debug|Any CPU
		{E2AEF9F8-B17B-45C6-895D-9277CA1B901D}.Debug|Any CPU.Build.0 = Debug|Any CPU
		{E2AEF9F8-B17B-45C6-895D-9277CA1B901D}.Release|Any CPU.ActiveCfg = Release|Any CPU
		{E2AEF9F8-B17B-45C6-895D-9277CA1B901D}.Release|Any CPU.Build.0 = Release|Any CPU
		{87CB55D9-F990-4297-878E-60A7BE899F57}.Debug|Any CPU.ActiveCfg = Debug|Any CPU
		{87CB55D9-F990-4297-878E-60A7BE899F57}.Debug|Any CPU.Build.0 = Debug|Any CPU
		{87CB55D9-F990-4297-878E-60A7BE899F57}.Release|Any CPU.ActiveCfg = Release|Any CPU
		{87CB55D9-F990-4297-878E-60A7BE899F57}.Release|Any CPU.Build.0 = Release|Any CPU
		{75549EFF-4DE0-49B9-9671-6CFED54178CE}.Debug|Any CPU.ActiveCfg = Debug|Any CPU
		{75549EFF-4DE0-49B9-9671-6CFED54178CE}.Debug|Any CPU.Build.0 = Debug|Any CPU
		{75549EFF-4DE0-49B9-9671-6CFED54178CE}.Release|Any CPU.ActiveCfg = Release|Any CPU
		{75549EFF-4DE0-49B9-9671-6CFED54178CE}.Release|Any CPU.Build.0 = Release|Any CPU
	EndGlobalSection
	GlobalSection(SolutionProperties) = preSolution
		HideSolutionNode = FALSE
	EndGlobalSection
	GlobalSection(ExtensibilityGlobals) = postSolution
		SolutionGuid = {E3BF9C5A-09A3-450A-AF2E-D9FADFF53446}
	EndGlobalSection
EndGlobal
